
Microsoft Visual Studio Solution File, Format Version 12.00
# Visual Studio Version 16
VisualStudioVersion = 16.0.31515.178
MinimumVisualStudioVersion = 10.0.40219.1
Project("{FAE04EC0-301F-11D3-BF4B-00C04F79EFBC}") = "MyFirstWebApi", "MyFirstWebApi\MyFirstWebApi.csproj", "{4D82FE0A-8481-4060-95DC-E881762F6312}"
EndProject
Global
	GlobalSection(SolutionConfigurationPlatforms) = preSolution
		Debug|Any CPU = Debug|Any CPU
		Release|Any CPU = Release|Any CPU
	EndGlobalSection
	GlobalSection(ProjectConfigurationPlatforms) = postSolution
		{4D82FE0A-8481-4060-95DC-E881762F6312}.Debug|Any CPU.ActiveCfg = Debug|Any CPU
		{4D82FE0A-8481-4060-95DC-E881762F6312}.Debug|Any CPU.Build.0 = Debug|Any CPU
		{4D82FE0A-8481-4060-95DC-E881762F6312}.Release|Any CPU.ActiveCfg = Release|Any CPU
		{4D82FE0A-8481-4060-95DC-E881762F6312}.Release|Any CPU.Build.0 = Release|Any CPU
	EndGlobalSection
	GlobalSection(SolutionProperties) = preSolution
		HideSolutionNode = FALSE
	EndGlobalSection
	GlobalSection(ExtensibilityGlobals) = postSolution
		SolutionGuid = {BFD1A05F-C7ED-4AC3-AF0C-D569E86A8356}
	EndGlobalSection
EndGlobal
